PODS:
  - Alamofire (5.0.5)
  - Realm (10.43.1):
    - Realm/Headers (= 10.43.1)
  - Realm/Headers (10.43.1)
  - RealmSwift (10.43.1):
    - Realm (= 10.43.1)
  - SVProgressHUD (2.2.5)

DEPENDENCIES:
  - Alamofire (~> 5.0.0-beta.6)
  - RealmSwift (~> 10)
  - SVProgressHUD

SPEC REPOS:
  trunk:
    - Alamofire
    - Realm
    - RealmSwift
    - SVProgressHUD

SPEC CHECKSUMS:
  Alamofire: df2f8f826963b08b9a870791ad48e07a10090b2e
  Realm: d97b438de77459e443bd2c8ad5ca0f95107aee4b
  RealmSwift: 6be3f27a7fd3f5cc8f99f4b187cc4e7150299e32
  SVProgressHUD: 1428aafac632c1f86f62aa4243ec12008d7a51d6

PODFILE CHECKSUM: 44da562f16c22b749a7b23088488afd9613c4e09

COCOAPODS: 1.11.3
